
Microsoft Visual Studio Solution File, Format Version 12.00
# Visual Studio Version 17
VisualStudioVersion = 17.7.34024.191
MinimumVisualStudioVersion = 10.0.40219.1
Project("{FAE04EC0-301F-11D3-BF4B-00C04F79EFBC}") = "Aplikacja_desktopowa_analizator_ramek", "Aplikacja_desktopowa_analizator_ramek\Aplikacja_desktopowa_analizator_ramek.csproj", "{29D212C0-E7BD-482A-92D5-4AA4E0939687}"
EndProject
Global
	GlobalSection(SolutionConfigurationPlatforms) = preSolution
		Debug|Any CPU = Debug|Any CPU
		Release|Any CPU = Release|Any CPU
	EndGlobalSection
	GlobalSection(ProjectConfigurationPlatforms) = postSolution
		{29D212C0-E7BD-482A-92D5-4AA4E0939687}.Debug|Any CPU.ActiveCfg = Debug|Any CPU
		{29D212C0-E7BD-482A-92D5-4AA4E0939687}.Debug|Any CPU.Build.0 = Debug|Any CPU
		{29D212C0-E7BD-482A-92D5-4AA4E0939687}.Release|Any CPU.ActiveCfg = Release|Any CPU
		{29D212C0-E7BD-482A-92D5-4AA4E0939687}.Release|Any CPU.Build.0 = Release|Any CPU
	EndGlobalSection
	GlobalSection(SolutionProperties) = preSolution
		HideSolutionNode = FALSE
	EndGlobalSection
	GlobalSection(ExtensibilityGlobals) = postSolution
		SolutionGuid = {F4987F7C-67B8-4DE2-84EE-F20C70903EA0}
	EndGlobalSection
EndGlobal
